
Microsoft Visual Studio Solution File, Format Version 12.00
# Visual Studio Version 17
VisualStudioVersion = 17.11.35208.52
MinimumVisualStudioVersion = 10.0.40219.1
Project("{FAE04EC0-301F-11D3-BF4B-00C04F79EFBC}") = "SpaShop", "SpaShop\SpaShop.csproj", "{F3222ADE-94B5-480D-ACB3-1BE3C82BEBA6}"
EndProject
Global
	GlobalSection(SolutionConfigurationPlatforms) = preSolution
		Debug|Any CPU = Debug|Any CPU
		Release|Any CPU = Release|Any CPU
	EndGlobalSection
	GlobalSection(ProjectConfigurationPlatforms) = postSolution
		{F3222ADE-94B5-480D-ACB3-1BE3C82BEBA6}.Debug|Any CPU.ActiveCfg = Debug|Any CPU
		{F3222ADE-94B5-480D-ACB3-1BE3C82BEBA6}.Debug|Any CPU.Build.0 = Debug|Any CPU
		{F3222ADE-94B5-480D-ACB3-1BE3C82BEBA6}.Release|Any CPU.ActiveCfg = Release|Any CPU
		{F3222ADE-94B5-480D-ACB3-1BE3C82BEBA6}.Release|Any CPU.Build.0 = Release|Any CPU
	EndGlobalSection
	GlobalSection(SolutionProperties) = preSolution
		HideSolutionNode = FALSE
	EndGlobalSection
	GlobalSection(ExtensibilityGlobals) = postSolution
		SolutionGuid = {7FFFC28A-73E0-4C41-A62A-2A46F31F723D}
	EndGlobalSection
EndGlobal
